// !$*UTF8*$!
{
	archiveVersion = 1;
	classes = {
	};
	objectVersion = 46;
	objects = {

/* Begin PBXBuildFile section */
		471E84E21E7B27C2004C1CDC /* AppDelegate.swift in Sources */ = {isa = PBXBuildFile; fileRef = 471E84E11E7B27C2004C1CDC /* AppDelegate.swift */; };
		471E84E41E7B27C2004C1CDC /* ViewController.swift in Sources */ = {isa = PBXBuildFile; fileRef = 471E84E31E7B27C2004C1CDC /* ViewController.swift */; };
		471E84E61E7B27C2004C1CDC /* Assets.xcassets in Resources */ = {isa = PBXBuildFile; fileRef = 471E84E51E7B27C2004C1CDC /* Assets.xcassets */; };
		471E84E91E7B27C2004C1CDC /* Main.storyboard in Resources */ = {isa = PBXBuildFile; fileRef = 471E84E71E7B27C2004C1CDC /* Main.storyboard */; };
		473CEF301E80D4D00067E51F /* Acme.png in Resources */ = {isa = PBXBuildFile; fileRef = 473CEF2F1E80D4D00067E51F /* Acme.png */; };
		473CEF361E80EBBE0067E51F /* NSImage Extension.swift in Sources */ = {isa = PBXBuildFile; fileRef = 473CEF351E80EBBE0067E51F /* NSImage Extension.swift */; };
		473CEF381E80EC540067E51F /* TextToBarcodeValueTransformer.swift in Sources */ = {isa = PBXBuildFile; fileRef = 473CEF371E80EC540067E51F /* TextToBarcodeValueTransformer.swift */; };
/* End PBXBuildFile section */

/* Begin PBXFileReference section */
		471E84DE1E7B27C2004C1CDC /* Tagit.app */ = {isa = PBXFileReference; explicitFileType = wrapper.application; includeInIndex = 0; path = Tagit.app; sourceTree = BUILT_PRODUCTS_DIR; };
		471E84E11E7B27C2004C1CDC /* AppDelegate.swift */ = {isa = PBXFileReference; lastKnownFileType = sourcecode.swift; path = AppDelegate.swift; sourceTree = "<group>"; };
		471E84E31E7B27C2004C1CDC /* ViewController.swift */ = {isa = PBXFileReference; lastKnownFileType = sourcecode.swift; path = ViewController.swift; sourceTree = "<group>"; };
		471E84E51E7B27C2004C1CDC /* Assets.xcassets */ = {isa = PBXFileReference; lastKnownFileType = folder.assetcatalog; path = Assets.xcassets; sourceTree = "<group>"; };
		471E84E81E7B27C2004C1CDC /* Base */ = {isa = PBXFileReference; lastKnownFileType = file.storyboard; name = Base; path = Base.lproj/Main.storyboard; sourceTree = "<group>"; };
		471E84EA1E7B27C2004C1CDC /* Info.plist */ = {isa = PBXFileReference; lastKnownFileType = text.plist.xml; path = Info.plist; sourceTree = "<group>"; };
		473CEF2F1E80D4D00067E51F /* Acme.png */ = {isa = PBXFileReference; lastKnownFileType = image.png; path = Acme.png; sourceTree = "<group>"; };
		473CEF351E80EBBE0067E51F /* NSImage Extension.swift */ = {isa = PBXFileReference; fileEncoding = 4; lastKnownFileType = sourcecode.swift; name = "NSImage Extension.swift"; path = "Extensions/NSImage Extension.swift"; sourceTree = "<group>"; };
		473CEF371E80EC540067E51F /* TextToBarcodeValueTransformer.swift */ = {isa = PBXFileReference; fileEncoding = 4; lastKnownFileType = sourcecode.swift; path = TextToBarcodeValueTransformer.swift; sourceTree = "<group>"; };
/* End PBXFileReference section */

/* Begin PBXFrameworksBuildPhase section */
		471E84DB1E7B27C2004C1CDC /* Frameworks */ = {
			isa = PBXFrameworksBuildPhase;
			buildActionMask = 2147483647;
			files = (
			);
			runOnlyForDeploymentPostprocessing = 0;
		};
/* End PBXFrameworksBuildPhase section */

/* Begin PBXGroup section */
		471E84D51E7B27C2004C1CDC = {
			isa = PBXGroup;
			children = (
				471E84E01E7B27C2004C1CDC /* Tagit */,
				471E84DF1E7B27C2004C1CDC /* Products */,
			);
			sourceTree = "<group>";
		};
		471E84DF1E7B27C2004C1CDC /* Products */ = {
			isa = PBXGroup;
			children = (
				471E84DE1E7B27C2004C1CDC /* Tagit.app */,
			);
			name = Products;
			sourceTree = "<group>";
		};
		471E84E01E7B27C2004C1CDC /* Tagit */ = {
			isa = PBXGroup;
			children = (
				473CEF371E80EC540067E51F /* TextToBarcodeValueTransformer.swift */,
				471E84E11E7B27C2004C1CDC /* AppDelegate.swift */,
				471E84E31E7B27C2004C1CDC /* ViewController.swift */,
				471E84E51E7B27C2004C1CDC /* Assets.xcassets */,
				471E84E71E7B27C2004C1CDC /* Main.storyboard */,
				471E84EA1E7B27C2004C1CDC /* Info.plist */,
				473CEF2F1E80D4D00067E51F /* Acme.png */,
				473CEF351E80EBBE0067E51F /* NSImage Extension.swift */,
			);
			path = Tagit;
			sourceTree = "<group>";
		};
/* End PBXGroup section */

/* Begin PBXNativeTarget section */
		471E84DD1E7B27C2004C1CDC /* Tagit */ = {
			isa = PBXNativeTarget;
			buildConfigurationList = 471E84ED1E7B27C2004C1CDC /* Build configuration list for PBXNativeTarget "Tagit" */;
			buildPhases = (
				471E84DA1E7B27C2004C1CDC /* Sources */,
				471E84DB1E7B27C2004C1CDC /* Frameworks */,
				471E84DC1E7B27C2004C1CDC /* Resources */,
			);
			buildRules = (
			);
			dependencies = (
			);
			name = Tagit;
			productName = TMP;
			productReference = 471E84DE1E7B27C2004C1CDC /* Tagit.app */;
			productType = "com.apple.product-type.application";
		};
/* End PBXNativeTarget section */

/* Begin PBXProject section */
		471E84D61E7B27C2004C1CDC /* Project object */ = {
			isa = PBXProject;
			attributes = {
				LastSwiftUpdateCheck = 0820;
				LastUpgradeCheck = 0820;
				ORGANIZATIONNAME = "Francois Levaux";
				TargetAttributes = {
					471E84DD1E7B27C2004C1CDC = {
						CreatedOnToolsVersion = 8.2.1;
						DevelopmentTeam = EM3ER8T33A;
						ProvisioningStyle = Automatic;
					};
				};
			};
			buildConfigurationList = 471E84D91E7B27C2004C1CDC /* Build configuration list for PBXProject "Tagit" */;
			compatibilityVersion = "Xcode 3.2";
			developmentRegion = English;
			hasScannedForEncodings = 0;
			knownRegions = (
				en,
				Base,
			);
			mainGroup = 471E84D51E7B27C2004C1CDC;
			productRefGroup = 471E84DF1E7B27C2004C1CDC /* Products */;
			projectDirPath = "";
			projectRoot = "";
			targets = (
				471E84DD1E7B27C2004C1CDC /* Tagit */,
			);
		};
/* End PBXProject section */

/* Begin PBXResourcesBuildPhase section */
		471E84DC1E7B27C2004C1CDC /* Resources */ = {
			isa = PBXResourcesBuildPhase;
			buildActionMask = 2147483647;
			files = (
				471E84E61E7B27C2004C1CDC /* Assets.xcassets in Resources */,
				473CEF301E80D4D00067E51F /* Acme.png in Resources */,
				471E84E91E7B27C2004C1CDC /* Main.storyboard in Resources */,
			);
			runOnlyForDeploymentPostprocessing = 0;
		};
/* End PBXResourcesBuildPhase section */

/* Begin PBXSourcesBuildPhase section */
		471E84DA1E7B27C2004C1CDC /* Sources */ = {
			isa = PBXSourcesBuildPhase;
			buildActionMask = 2147483647;
			files = (
				471E84E41E7B27C2004C1CDC /* ViewController.swift in Sources */,
				471E84E21E7B27C2004C1CDC /* AppDelegate.swift in Sources */,
				473CEF381E80EC540067E51F /* TextToBarcodeValueTransformer.swift in Sources */,
				473CEF361E80EBBE0067E51F /* NSImage Extension.swift in Sources */,
			);
			runOnlyForDeploymentPostprocessing = 0;
		};
/* End PBXSourcesBuildPhase section */

/* Begin PBXVariantGroup section */
		471E84E71E7B27C2004C1CDC /* Main.storyboard */ = {
			isa = PBXVariantGroup;
			children = (
				471E84E81E7B27C2004C1CDC /* Base */,
			);
			name = Main.storyboard;
			sourceTree = "<group>";
		};
/* End PBXVariantGroup section */

/* Begin XCBuildConfiguration section */
		471E84EB1E7B27C2004C1CDC /* Debug */ = {
			isa = XCBuildConfiguration;
			buildSettings = {
				ALWAYS_SEARCH_USER_PATHS = NO;
				CLANG_ANALYZER_NONNULL = YES;
				CLANG_CXX_LANGUAGE_STANDARD = "gnu++0x";
				CLANG_CXX_LIBRARY = "libc++";
				CLANG_ENABLE_MODULES = YES;
				CLANG_ENABLE_OBJC_ARC = YES;
				CLANG_WARN_BOOL_CONVERSION = YES;
				CLANG_WARN_CONSTANT_CONVERSION = YES;
				CLANG_WARN_DIRECT_OBJC_ISA_USAGE = YES_ERROR;
				CLANG_WARN_DOCUMENTATION_COMMENTS = YES;
				CLANG_WARN_EMPTY_BODY = YES;
				CLANG_WARN_ENUM_CONVERSION = YES;
				CLANG_WARN_INFINITE_RECURSION = YES;
				CLANG_WARN_INT_CONVERSION = YES;
				CLANG_WARN_OBJC_ROOT_CLASS = YES_ERROR;
				CLANG_WARN_SUSPICIOUS_MOVE = YES;
				CLANG_WARN_UNREACHABLE_CODE = YES;
				CLANG_WARN__DUPLICATE_METHOD_MATCH = YES;
				CODE_SIGN_IDENTITY = "-";
				COPY_PHASE_STRIP = NO;
				DEBUG_INFORMATION_FORMAT = dwarf;
				ENABLE_STRICT_OBJC_MSGSEND = YES;
				ENABLE_TESTABILITY = YES;
				GCC_C_LANGUAGE_STANDARD = gnu99;
				GCC_DYNAMIC_NO_PIC = NO;
				GCC_NO_COMMON_BLOCKS = YES;
				GCC_OPTIMIZATION_LEVEL = 0;
				GCC_PREPROCESSOR_DEFINITIONS = (
					"DEBUG=1",
					"$(inherited)",
				);
				GCC_WARN_64_TO_32_BIT_CONVERSION = YES;
				GCC_WARN_ABOUT_RETURN_TYPE = YES_ERROR;
				GCC_WARN_UNDECLARED_SELECTOR = YES;
				GCC_WARN_UNINITIALIZED_AUTOS = YES_AGGRESSIVE;
				GCC_WARN_UNUSED_FUNCTION = YES;
				GCC_WARN_UNUSED_VARIABLE = YES;
				MACOSX_DEPLOYMENT_TARGET = 10.12;
				MTL_ENABLE_DEBUG_INFO = YES;
				ONLY_ACTIVE_ARCH = YES;
				SDKROOT = macosx;
				SWIFT_ACTIVE_COMPILATION_CONDITIONS = DEBUG;
				SWIFT_OPTIMIZATION_LEVEL = "-Onone";
			};
			name = Debug;
		};
		471E84EC1E7B27C2004C1CDC /* Release */ = {
			isa = XCBuildConfiguration;
			buildSettings = {
				ALWAYS_SEARCH_USER_PATHS = NO;
				CLANG_ANALYZER_NONNULL = YES;
				CLANG_CXX_LANGUAGE_STANDARD = "gnu++0x";
				CLANG_CXX_LIBRARY = "libc++";
				CLANG_ENABLE_MODULES = YES;
				CLANG_ENABLE_OBJC_ARC = YES;
				CLANG_WARN_BOOL_CONVERSION = YES;
				CLANG_WARN_CONSTANT_CONVERSION = YES;
				CLANG_WARN_DIRECT_OBJC_ISA_USAGE = YES_ERROR;
				CLANG_WARN_DOCUMENTATION_COMMENTS = YES;
				CLANG_WARN_EMPTY_BODY = YES;
				CLANG_WARN_ENUM_CONVERSION = YES;
				CLANG_WARN_INFINITE_RECURSION = YES;
				CLANG_WARN_INT_CONVERSION = YES;
				CLANG_WARN_OBJC_ROOT_CLASS = YES_ERROR;
				CLANG_WARN_SUSPICIOUS_MOVE = YES;
				CLANG_WARN_UNREACHABLE_CODE = YES;
				CLANG_WARN__DUPLICATE_METHOD_MATCH = YES;
				CODE_SIGN_IDENTITY = "-";
				COPY_PHASE_STRIP = NO;
				DEBUG_INFORMATION_FORMAT = "dwarf-with-dsym";
				ENABLE_NS_ASSERTIONS = NO;
				ENABLE_STRICT_OBJC_MSGSEND = YES;
				GCC_C_LANGUAGE_STANDARD = gnu99;
				GCC_NO_COMMON_BLOCKS = YES;
				GCC_WARN_64_TO_32_BIT_CONVERSION = YES;
				GCC_WARN_ABOUT_RETURN_TYPE = YES_ERROR;
				GCC_WARN_UNDECLARED_SELECTOR = YES;
				GCC_WARN_UNINITIALIZED_AUTOS = YES_AGGRESSIVE;
				GCC_WARN_UNUSED_FUNCTION = YES;
				GCC_WARN_UNUSED_VARIABLE = YES;
				MACOSX_DEPLOYMENT_TARGET = 10.12;
				MTL_ENABLE_DEBUG_INFO = NO;
				SDKROOT = macosx;
				SWIFT_OPTIMIZATION_LEVEL = "-Owholemodule";
			};
			name = Release;
		};
		471E84EE1E7B27C2004C1CDC /* Debug */ = {
			isa = XCBuildConfiguration;
			buildSettings = {
				ASSETCATALOG_COMPILER_APPICON_NAME = AppIcon;
				CODE_SIGN_IDENTITY = "Mac Developer";
				COMBINE_HIDPI_IMAGES = YES;
				DEVELOPMENT_TEAM = EM3ER8T33A;
				INFOPLIST_FILE = "$(SRCROOT)/Tagit/Info.plist";
				LD_RUNPATH_SEARCH_PATHS = "$(inherited) @executable_path/../Frameworks";
				MACOSX_DEPLOYMENT_TARGET = 10.11;
				PRODUCT_BUNDLE_IDENTIFIER = io.fti.Tagit;
				PRODUCT_NAME = "$(TARGET_NAME)";
				SWIFT_VERSION = 3.0;
			};
			name = Debug;
		};
		471E84EF1E7B27C2004C1CDC /* Release */ = {
			isa = XCBuildConfiguration;
			buildSettings = {
				ASSETCATALOG_COMPILER_APPICON_NAME = AppIcon;
				CODE_SIGN_IDENTITY = "Mac Developer";
				COMBINE_HIDPI_IMAGES = YES;
				DEVELOPMENT_TEAM = EM3ER8T33A;
				INFOPLIST_FILE = "$(SRCROOT)/Tagit/Info.plist";
				LD_RUNPATH_SEARCH_PATHS = "$(inherited) @executable_path/../Frameworks";
				MACOSX_DEPLOYMENT_TARGET = 10.11;
				PRODUCT_BUNDLE_IDENTIFIER = io.fti.Tagit;
				PRODUCT_NAME = "$(TARGET_NAME)";
				SWIFT_VERSION = 3.0;
			};
			name = Release;
		};
/* End XCBuildConfiguration section */

/* Begin XCConfigurationList section */
		471E84D91E7B27C2004C1CDC /* Build configuration list for PBXProject "Tagit" */ = {
			isa = XCConfigurationList;
			buildConfigurations = (
				471E84EB1E7B27C2004C1CDC /* Debug */,
				471E84EC1E7B27C2004C1CDC /* Release */,
			);
			defaultConfigurationIsVisible = 0;
			defaultConfigurationName = Release;
		};
		471E84ED1E7B27C2004C1CDC /* Build configuration list for PBXNativeTarget "Tagit" */ = {
			isa = XCConfigurationList;
			buildConfigurations = (
				471E84EE1E7B27C2004C1CDC /* Debug */,
				471E84EF1E7B27C2004C1CDC /* Release */,
			);
			defaultConfigurationIsVisible = 0;
			defaultConfigurationName = Release;
		};
/* End XCConfigurationList section */
	};
	rootObject = 471E84D61E7B27C2004C1CDC /* Project object */;
}
